
Microsoft Visual Studio Solution File, Format Version 12.00
# Visual Studio 15
VisualStudioVersion = 15.0.28307.572
MinimumVisualStudioVersion = 10.0.40219.1
Project("{FAE04EC0-301F-11D3-BF4B-00C04F79EFBC}") = "Iwin1.2", "Iwin1.2\Iwin1.2.csproj", "{5047E4D2-D999-4479-85BE-2FDA4AA7D343}"
EndProject
Global
	GlobalSection(SolutionConfigurationPlatforms) = preSolution
		Debug|Any CPU = Debug|Any CPU
		Release|Any CPU = Release|Any CPU
	EndGlobalSection
	GlobalSection(ProjectConfigurationPlatforms) = postSolution
		{5047E4D2-D999-4479-85BE-2FDA4AA7D343}.Debug|Any CPU.ActiveCfg = Debug|Any CPU
		{5047E4D2-D999-4479-85BE-2FDA4AA7D343}.Debug|Any CPU.Build.0 = Debug|Any CPU
		{5047E4D2-D999-4479-85BE-2FDA4AA7D343}.Release|Any CPU.ActiveCfg = Release|Any CPU
		{5047E4D2-D999-4479-85BE-2FDA4AA7D343}.Release|Any CPU.Build.0 = Release|Any CPU
	EndGlobalSection
	GlobalSection(SolutionProperties) = preSolution
		HideSolutionNode = FALSE
	EndGlobalSection
	GlobalSection(ExtensibilityGlobals) = postSolution
		SolutionGuid = {A42EE037-9A52-4D72-9A38-3046636E2222}
	EndGlobalSection
EndGlobal
